{
  "name": "node-red-contrib-open-food-facts",
  "version": "0.2.1",
  "lockfileVersion": 3,
  "requires": true,
  "packages": {
    "": {
      "name": "node-red-contrib-open-food-facts",
      "version": "0.2.1",
      "license": "MIT",
      "engines": {
        "node": ">=20.0.0"
      }
    }
  }
}
