{
  "name": "node-red-contrib-open-food-facts",
  "version": "0.2.2",
  "lockfileVersion": 3,
  "requires": true,
  "packages": {
    "": {
      "name": "node-red-contrib-open-food-facts",
      "version": "0.2.2",
      "license": "MIT",
      "dependencies": {
        "cockatiel": "^3.2.1"
      },
      "engines": {
        "node": ">=20.0.0"
      }
    },
    "node_modules/cockatiel": {
      "version": "3.2.1",
      "resolved": "https://registry.npmjs.org/cockatiel/-/cockatiel-3.2.1.tgz",
      "integrity": "sha512-gfrHV6ZPkquExvMh9IOkKsBzNDk6sDuZ6DdBGUBkvFnTCqCxzpuq48RySgP0AnaqQkw2zynOFj9yly6T1Q2G5Q==",
      "license": "MIT",
      "engines": {
        "node": ">=16"
      }
    }
  }
}
